
Microsoft Visual Studio Solution File, Format Version 12.00
# Visual Studio 15
VisualStudioVersion = 15.0.28010.2046
MinimumVisualStudioVersion = 10.0.40219.1
Project("{8BC9CEB8-8B4A-11D0-8D11-00A0C91BC942}") = "1 stack容器课堂练习", "C++进阶STL02\C++进阶STL02.vcxproj", "{02C78A86-E6F2-4691-8DC8-1FE74DCA3ECA}"
EndProject
Project("{8BC9CEB8-8B4A-11D0-8D11-00A0C91BC942}") = "2 queue容器课堂练习", "2 queue容器课堂练习\2 queue容器课堂练习.vcxproj", "{96C170F2-DFD8-428E-BBAE-56FC05EA10E5}"
EndProject
Project("{8BC9CEB8-8B4A-11D0-8D11-00A0C91BC942}") = "3 list容器课堂练习", "3 list容器课堂练习\3 list容器课堂练习.vcxproj", "{883D61F1-9477-49E8-8941-CB936B10EEEC}"
EndProject
Project("{8BC9CEB8-8B4A-11D0-8D11-00A0C91BC942}") = "4 set容器课堂练习", "4 set容器课堂练习\4 set容器课堂练习.vcxproj", "{A7F3FD7B-FF8C-46F4-B4D7-DB15A6E707CC}"
EndProject
Project("{8BC9CEB8-8B4A-11D0-8D11-00A0C91BC942}") = "5 对组练习", "5 对组练习\5 对组练习.vcxproj", "{485744A8-E6EF-4D08-93D0-6DD138CA9D61}"
EndProject
Project("{8BC9CEB8-8B4A-11D0-8D11-00A0C91BC942}") = "6 multiset课堂练习", "6 multiset课堂练习\6 multiset课堂练习.vcxproj", "{C8B542B9-7E88-4635-81F0-9530A4F1604B}"
EndProject
Project("{8BC9CEB8-8B4A-11D0-8D11-00A0C91BC942}") = "7 map容器课堂练习", "7 map容器课堂练习\7 map容器课堂练习.vcxproj", "{6A399DDD-4343-438B-9385-F1C0BB5B8D37}"
EndProject
Project("{8BC9CEB8-8B4A-11D0-8D11-00A0C91BC942}") = "8 multimap 员工分组", "8 multimap 员工分组\8 multimap 员工分组.vcxproj", "{9249AF16-6A59-403E-9229-D22B1006E9F7}"
EndProject
Project("{8BC9CEB8-8B4A-11D0-8D11-00A0C91BC942}") = "9 容器深拷贝和浅拷贝问题", "9 容器深拷贝和浅拷贝问题\9 容器深拷贝和浅拷贝问题.vcxproj", "{5B944224-056F-4B5C-9977-2EFE3DB58E1A}"
EndProject
Project("{8BC9CEB8-8B4A-11D0-8D11-00A0C91BC942}") = "10 函数对象课堂练习", "10 函数对象课堂练习\10 函数对象课堂练习.vcxproj", "{4D1875BF-CA5E-455A-B165-2734170F641B}"
EndProject
Project("{8BC9CEB8-8B4A-11D0-8D11-00A0C91BC942}") = "11 一元二元函数对象和一元二元谓词", "11 一元二元函数对象和一元二元谓词\11 一元二元函数对象和一元二元谓词.vcxproj", "{C81B276A-1B37-4915-9E65-2A15E4CF0BC7}"
EndProject
Project("{8BC9CEB8-8B4A-11D0-8D11-00A0C91BC942}") = "12 预定义函数对象", "12 预定义函数对象\12 预定义函数对象.vcxproj", "{E5012B93-A54F-40ED-81DA-8349C638893E}"
EndProject
Global
	GlobalSection(SolutionConfigurationPlatforms) = preSolution
		Debug|x64 = Debug|x64
		Debug|x86 = Debug|x86
		Release|x64 = Release|x64
		Release|x86 = Release|x86
	EndGlobalSection
	GlobalSection(ProjectConfigurationPlatforms) = postSolution
		{02C78A86-E6F2-4691-8DC8-1FE74DCA3ECA}.Debug|x64.ActiveCfg = Debug|x64
		{02C78A86-E6F2-4691-8DC8-1FE74DCA3ECA}.Debug|x64.Build.0 = Debug|x64
		{02C78A86-E6F2-4691-8DC8-1FE74DCA3ECA}.Debug|x86.ActiveCfg = Debug|Win32
		{02C78A86-E6F2-4691-8DC8-1FE74DCA3ECA}.Debug|x86.Build.0 = Debug|Win32
		{02C78A86-E6F2-4691-8DC8-1FE74DCA3ECA}.Release|x64.ActiveCfg = Release|x64
		{02C78A86-E6F2-4691-8DC8-1FE74DCA3ECA}.Release|x64.Build.0 = Release|x64
		{02C78A86-E6F2-4691-8DC8-1FE74DCA3ECA}.Release|x86.ActiveCfg = Release|Win32
		{02C78A86-E6F2-4691-8DC8-1FE74DCA3ECA}.Release|x86.Build.0 = Release|Win32
		{96C170F2-DFD8-428E-BBAE-56FC05EA10E5}.Debug|x64.ActiveCfg = Debug|x64
		{96C170F2-DFD8-428E-BBAE-56FC05EA10E5}.Debug|x64.Build.0 = Debug|x64
		{96C170F2-DFD8-428E-BBAE-56FC05EA10E5}.Debug|x86.ActiveCfg = Debug|Win32
		{96C170F2-DFD8-428E-BBAE-56FC05EA10E5}.Debug|x86.Build.0 = Debug|Win32
		{96C170F2-DFD8-428E-BBAE-56FC05EA10E5}.Release|x64.ActiveCfg = Release|x64
		{96C170F2-DFD8-428E-BBAE-56FC05EA10E5}.Release|x64.Build.0 = Release|x64
		{96C170F2-DFD8-428E-BBAE-56FC05EA10E5}.Release|x86.ActiveCfg = Release|Win32
		{96C170F2-DFD8-428E-BBAE-56FC05EA10E5}.Release|x86.Build.0 = Release|Win32
		{883D61F1-9477-49E8-8941-CB936B10EEEC}.Debug|x64.ActiveCfg = Debug|x64
		{883D61F1-9477-49E8-8941-CB936B10EEEC}.Debug|x64.Build.0 = Debug|x64
		{883D61F1-9477-49E8-8941-CB936B10EEEC}.Debug|x86.ActiveCfg = Debug|Win32
		{883D61F1-9477-49E8-8941-CB936B10EEEC}.Debug|x86.Build.0 = Debug|Win32
		{883D61F1-9477-49E8-8941-CB936B10EEEC}.Release|x64.ActiveCfg = Release|x64
		{883D61F1-9477-49E8-8941-CB936B10EEEC}.Release|x64.Build.0 = Release|x64
		{883D61F1-9477-49E8-8941-CB936B10EEEC}.Release|x86.ActiveCfg = Release|Win32
		{883D61F1-9477-49E8-8941-CB936B10EEEC}.Release|x86.Build.0 = Release|Win32
		{A7F3FD7B-FF8C-46F4-B4D7-DB15A6E707CC}.Debug|x64.ActiveCfg = Debug|x64
		{A7F3FD7B-FF8C-46F4-B4D7-DB15A6E707CC}.Debug|x64.Build.0 = Debug|x64
		{A7F3FD7B-FF8C-46F4-B4D7-DB15A6E707CC}.Debug|x86.ActiveCfg = Debug|Win32
		{A7F3FD7B-FF8C-46F4-B4D7-DB15A6E707CC}.Debug|x86.Build.0 = Debug|Win32
		{A7F3FD7B-FF8C-46F4-B4D7-DB15A6E707CC}.Release|x64.ActiveCfg = Release|x64
		{A7F3FD7B-FF8C-46F4-B4D7-DB15A6E707CC}.Release|x64.Build.0 = Release|x64
		{A7F3FD7B-FF8C-46F4-B4D7-DB15A6E707CC}.Release|x86.ActiveCfg = Release|Win32
		{A7F3FD7B-FF8C-46F4-B4D7-DB15A6E707CC}.Release|x86.Build.0 = Release|Win32
		{485744A8-E6EF-4D08-93D0-6DD138CA9D61}.Debug|x64.ActiveCfg = Debug|x64
		{485744A8-E6EF-4D08-93D0-6DD138CA9D61}.Debug|x64.Build.0 = Debug|x64
		{485744A8-E6EF-4D08-93D0-6DD138CA9D61}.Debug|x86.ActiveCfg = Debug|Win32
		{485744A8-E6EF-4D08-93D0-6DD138CA9D61}.Debug|x86.Build.0 = Debug|Win32
		{485744A8-E6EF-4D08-93D0-6DD138CA9D61}.Release|x64.ActiveCfg = Release|x64
		{485744A8-E6EF-4D08-93D0-6DD138CA9D61}.Release|x64.Build.0 = Release|x64
		{485744A8-E6EF-4D08-93D0-6DD138CA9D61}.Release|x86.ActiveCfg = Release|Win32
		{485744A8-E6EF-4D08-93D0-6DD138CA9D61}.Release|x86.Build.0 = Release|Win32
		{C8B542B9-7E88-4635-81F0-9530A4F1604B}.Debug|x64.ActiveCfg = Debug|x64
		{C8B542B9-7E88-4635-81F0-9530A4F1604B}.Debug|x64.Build.0 = Debug|x64
		{C8B542B9-7E88-4635-81F0-9530A4F1604B}.Debug|x86.ActiveCfg = Debug|Win32
		{C8B542B9-7E88-4635-81F0-9530A4F1604B}.Debug|x86.Build.0 = Debug|Win32
		{C8B542B9-7E88-4635-81F0-9530A4F1604B}.Release|x64.ActiveCfg = Release|x64
		{C8B542B9-7E88-4635-81F0-9530A4F1604B}.Release|x64.Build.0 = Release|x64
		{C8B542B9-7E88-4635-81F0-9530A4F1604B}.Release|x86.ActiveCfg = Release|Win32
		{C8B542B9-7E88-4635-81F0-9530A4F1604B}.Release|x86.Build.0 = Release|Win32
		{6A399DDD-4343-438B-9385-F1C0BB5B8D37}.Debug|x64.ActiveCfg = Debug|x64
		{6A399DDD-4343-438B-9385-F1C0BB5B8D37}.Debug|x64.Build.0 = Debug|x64
		{6A399DDD-4343-438B-9385-F1C0BB5B8D37}.Debug|x86.ActiveCfg = Debug|Win32
		{6A399DDD-4343-438B-9385-F1C0BB5B8D37}.Debug|x86.Build.0 = Debug|Win32
		{6A399DDD-4343-438B-9385-F1C0BB5B8D37}.Release|x64.ActiveCfg = Release|x64
		{6A399DDD-4343-438B-9385-F1C0BB5B8D37}.Release|x64.Build.0 = Release|x64
		{6A399DDD-4343-438B-9385-F1C0BB5B8D37}.Release|x86.ActiveCfg = Release|Win32
		{6A399DDD-4343-438B-9385-F1C0BB5B8D37}.Release|x86.Build.0 = Release|Win32
		{9249AF16-6A59-403E-9229-D22B1006E9F7}.Debug|x64.ActiveCfg = Debug|x64
		{9249AF16-6A59-403E-9229-D22B1006E9F7}.Debug|x64.Build.0 = Debug|x64
		{9249AF16-6A59-403E-9229-D22B1006E9F7}.Debug|x86.ActiveCfg = Debug|Win32
		{9249AF16-6A59-403E-9229-D22B1006E9F7}.Debug|x86.Build.0 = Debug|Win32
		{9249AF16-6A59-403E-9229-D22B1006E9F7}.Release|x64.ActiveCfg = Release|x64
		{9249AF16-6A59-403E-9229-D22B1006E9F7}.Release|x64.Build.0 = Release|x64
		{9249AF16-6A59-403E-9229-D22B1006E9F7}.Release|x86.ActiveCfg = Release|Win32
		{9249AF16-6A59-403E-9229-D22B1006E9F7}.Release|x86.Build.0 = Release|Win32
		{5B944224-056F-4B5C-9977-2EFE3DB58E1A}.Debug|x64.ActiveCfg = Debug|x64
		{5B944224-056F-4B5C-9977-2EFE3DB58E1A}.Debug|x64.Build.0 = Debug|x64
		{5B944224-056F-4B5C-9977-2EFE3DB58E1A}.Debug|x86.ActiveCfg = Debug|Win32
		{5B944224-056F-4B5C-9977-2EFE3DB58E1A}.Debug|x86.Build.0 = Debug|Win32
		{5B944224-056F-4B5C-9977-2EFE3DB58E1A}.Release|x64.ActiveCfg = Release|x64
		{5B944224-056F-4B5C-9977-2EFE3DB58E1A}.Release|x64.Build.0 = Release|x64
		{5B944224-056F-4B5C-9977-2EFE3DB58E1A}.Release|x86.ActiveCfg = Release|Win32
		{5B944224-056F-4B5C-9977-2EFE3DB58E1A}.Release|x86.Build.0 = Release|Win32
		{4D1875BF-CA5E-455A-B165-2734170F641B}.Debug|x64.ActiveCfg = Debug|x64
		{4D1875BF-CA5E-455A-B165-2734170F641B}.Debug|x64.Build.0 = Debug|x64
		{4D1875BF-CA5E-455A-B165-2734170F641B}.Debug|x86.ActiveCfg = Debug|Win32
		{4D1875BF-CA5E-455A-B165-2734170F641B}.Debug|x86.Build.0 = Debug|Win32
		{4D1875BF-CA5E-455A-B165-2734170F641B}.Release|x64.ActiveCfg = Release|x64
		{4D1875BF-CA5E-455A-B165-2734170F641B}.Release|x64.Build.0 = Release|x64
		{4D1875BF-CA5E-455A-B165-2734170F641B}.Release|x86.ActiveCfg = Release|Win32
		{4D1875BF-CA5E-455A-B165-2734170F641B}.Release|x86.Build.0 = Release|Win32
		{C81B276A-1B37-4915-9E65-2A15E4CF0BC7}.Debug|x64.ActiveCfg = Debug|x64
		{C81B276A-1B37-4915-9E65-2A15E4CF0BC7}.Debug|x64.Build.0 = Debug|x64
		{C81B276A-1B37-4915-9E65-2A15E4CF0BC7}.Debug|x86.ActiveCfg = Debug|Win32
		{C81B276A-1B37-4915-9E65-2A15E4CF0BC7}.Debug|x86.Build.0 = Debug|Win32
		{C81B276A-1B37-4915-9E65-2A15E4CF0BC7}.Release|x64.ActiveCfg = Release|x64
		{C81B276A-1B37-4915-9E65-2A15E4CF0BC7}.Release|x64.Build.0 = Release|x64
		{C81B276A-1B37-4915-9E65-2A15E4CF0BC7}.Release|x86.ActiveCfg = Release|Win32
		{C81B276A-1B37-4915-9E65-2A15E4CF0BC7}.Release|x86.Build.0 = Release|Win32
		{E5012B93-A54F-40ED-81DA-8349C638893E}.Debug|x64.ActiveCfg = Debug|x64
		{E5012B93-A54F-40ED-81DA-8349C638893E}.Debug|x64.Build.0 = Debug|x64
		{E5012B93-A54F-40ED-81DA-8349C638893E}.Debug|x86.ActiveCfg = Debug|Win32
		{E5012B93-A54F-40ED-81DA-8349C638893E}.Debug|x86.Build.0 = Debug|Win32
		{E5012B93-A54F-40ED-81DA-8349C638893E}.Release|x64.ActiveCfg = Release|x64
		{E5012B93-A54F-40ED-81DA-8349C638893E}.Release|x64.Build.0 = Release|x64
		{E5012B93-A54F-40ED-81DA-8349C638893E}.Release|x86.ActiveCfg = Release|Win32
		{E5012B93-A54F-40ED-81DA-8349C638893E}.Release|x86.Build.0 = Release|Win32
	EndGlobalSection
	GlobalSection(SolutionProperties) = preSolution
		HideSolutionNode = FALSE
	EndGlobalSection
	GlobalSection(ExtensibilityGlobals) = postSolution
		SolutionGuid = {609D9760-B2D4-4EAE-A300-F06C272D24C6}
	EndGlobalSection
EndGlobal
